# Generated by buf. DO NOT EDIT.
version: v1
deps:
  - remote: buf.build
    owner: agynio
    repository: api
    commit: a4bd379642094ce0b06ac262945256f8
    digest: shake256:03a62d90630935e69011e55497b54ad92872facc57d4607beb435fa82b4073caba4eaed64210abe9aaba6baed778111d7548ae184f6d0e80d6e438f18de96346
